{
    "name": "@voca/svelte",
    "version": "0.0.1",
    "lockfileVersion": 3,
    "requires": true,
    "packages": {
        "": {
            "name": "@voca/svelte",
            "version": "0.0.1",
            "dependencies": {
                "@voca/client": "file:../voca-client"
            },
            "devDependencies": {
                "svelte": "^5.0.0",
                "svelte-check": "^4.0.0",
                "typescript": "^5.0.0"
            },
            "peerDependencies": {
                "svelte": "^5.0.0"
            }
        },
        "../voca-client": {
            "name": "@voca/client",
            "version": "0.0.1",
            "license": "MIT",
            "dependencies": {
                "nanoevents": "^9.1.0"
            },
            "devDependencies": {
                "tsup": "^8.0.0",
                "typescript": "^5.0.0"
            }
        },
        "node_modules/@jridgewell/gen-mapping": {
            "version": "0.3.13",
            "resolved": "https://registry.npmjs.org/@jridgewell/gen-mapping/-/gen-mapping-0.3.13.tgz",
            "integrity": "sha512-2kkt/7niJ6MgEPxF0bYdQ6etZaA+fQvDcLKckhy1yIQOzaoKjBBjSj63/aLVjYE3qhRt5dvM+uUyfCg6UKCBbA==",
            "dev": true,
            "license": "MIT",
            "dependencies": {
                "@jridgewell/sourcemap-codec": "^1.5.0",
                "@jridgewell/trace-mapping": "^0.3.24"
            }
        },
        "node_modules/@jridgewell/remapping": {
            "version": "2.3.5",
            "resolved": "https://registry.npmjs.org/@jridgewell/remapping/-/remapping-2.3.5.tgz",
            "integrity": "sha512-LI9u/+laYG4Ds1TDKSJW2YPrIlcVYOwi2fUC6xB43lueCjgxV4lffOCZCtYFiH6TNOX+tQKXx97T4IKHbhyHEQ==",
            "dev": true,
            "license": "MIT",
            "dependencies": {
                "@jridgewell/gen-mapping": "^0.3.5",
                "@jridgewell/trace-mapping": "^0.3.24"
            }
        },
        "node_modules/@jridgewell/resolve-uri": {
            "version": "3.1.2",
            "resolved": "https://registry.npmjs.org/@jridgewell/resolve-uri/-/resolve-uri-3.1.2.tgz",
            "integrity": "sha512-bRISgCIjP20/tbWSPWMEi54QVPRZExkuD9lJL+UIxUKtwVJA8wW1Trb1jMs1RFXo1CBTNZ/5hpC9QvmKWdopKw==",
            "dev": true,
            "license": "MIT",
            "engines": {
                "node": ">=6.0.0"
            }
        },
        "node_modules/@jridgewell/sourcemap-codec": {
            "version": "1.5.5",
            "resolved": "https://registry.npmjs.org/@jridgewell/sourcemap-codec/-/sourcemap-codec-1.5.5.tgz",
            "integrity": "sha512-cYQ9310grqxueWbl+WuIUIaiUaDcj7WOq5fVhEljNVgRfOUhY9fy2zTvfoqWsnebh8Sl70VScFbICvJnLKB0Og==",
            "dev": true,
            "license": "MIT"
        },
        "node_modules/@jridgewell/trace-mapping": {
            "version": "0.3.31",
            "resolved": "https://registry.npmjs.org/@jridgewell/trace-mapping/-/trace-mapping-0.3.31.tgz",
            "integrity": "sha512-zzNR+SdQSDJzc8joaeP8QQoCQr8NuYx2dIIytl1QeBEZHJ9uW6hebsrYgbz8hJwUQao3TWCMtmfV8Nu1twOLAw==",
            "dev": true,
            "license": "MIT",
            "dependencies": {
                "@jridgewell/resolve-uri": "^3.1.0",
                "@jridgewell/sourcemap-codec": "^1.4.14"
            }
        },
        "node_modules/@sveltejs/acorn-typescript": {
            "version": "1.0.8",
            "resolved": "https://registry.npmjs.org/@sveltejs/acorn-typescript/-/acorn-typescript-1.0.8.tgz",
            "integrity": "sha512-esgN+54+q0NjB0Y/4BomT9samII7jGwNy/2a3wNZbT2A2RpmXsXwUt24LvLhx6jUq2gVk4cWEvcRO6MFQbOfNA==",
            "dev": true,
            "license": "MIT",
            "peerDependencies": {
                "acorn": "^8.9.0"
            }
        },
        "node_modules/@types/estree": {
            "version": "1.0.8",
            "resolved": "https://registry.npmjs.org/@types/estree/-/estree-1.0.8.tgz",
            "integrity": "sha512-dWHzHa2WqEXI/O1E9OjrocMTKJl2mSrEolh1Iomrv6U+JuNwaHXsXx9bLu5gG7BUWFIN0skIQJQ/L1rIex4X6w==",
            "dev": true,
            "license": "MIT"
        },
        "node_modules/@voca/client": {
            "resolved": "../voca-client",
            "link": true
        },
        "node_modules/acorn": {
            "version": "8.15.0",
            "resolved": "https://registry.npmjs.org/acorn/-/acorn-8.15.0.tgz",
            "integrity": "sha512-NZyJarBfL7nWwIq+FDL6Zp/yHEhePMNnnJ0y3qfieCrmNvYct8uvtiV41UvlSe6apAfk0fY1FbWx+NwfmpvtTg==",
            "dev": true,
            "license": "MIT",
            "peer": true,
            "bin": {
                "acorn": "bin/acorn"
            },
            "engines": {
                "node": ">=0.4.0"
            }
        },
        "node_modules/aria-query": {
            "version": "5.3.2",
            "resolved": "https://registry.npmjs.org/aria-query/-/aria-query-5.3.2.tgz",
            "integrity": "sha512-COROpnaoap1E2F000S62r6A60uHZnmlvomhfyT2DlTcrY1OrBKn2UhH7qn5wTC9zMvD0AY7csdPSNwKP+7WiQw==",
            "dev": true,
            "license": "Apache-2.0",
            "engines": {
                "node": ">= 0.4"
            }
        },
        "node_modules/axobject-query": {
            "version": "4.1.0",
            "resolved": "https://registry.npmjs.org/axobject-query/-/axobject-query-4.1.0.tgz",
            "integrity": "sha512-qIj0G9wZbMGNLjLmg1PT6v2mE9AH2zlnADJD/2tC6E00hgmhUOfEB6greHPAfLRSufHqROIUTkw6E+M3lH0PTQ==",
            "dev": true,
            "license": "Apache-2.0",
            "engines": {
                "node": ">= 0.4"
            }
        },
        "node_modules/chokidar": {
            "version": "4.0.3",
            "resolved": "https://registry.npmjs.org/chokidar/-/chokidar-4.0.3.tgz",
            "integrity": "sha512-Qgzu8kfBvo+cA4962jnP1KkS6Dop5NS6g7R5LFYJr4b8Ub94PPQXUksCw9PvXoeXPRRddRNC5C1JQUR2SMGtnA==",
            "dev": true,
            "license": "MIT",
            "dependencies": {
                "readdirp": "^4.0.1"
            },
            "engines": {
                "node": ">= 14.16.0"
            },
            "funding": {
                "url": "https://paulmillr.com/funding/"
            }
        },
        "node_modules/clsx": {
            "version": "2.1.1",
            "resolved": "https://registry.npmjs.org/clsx/-/clsx-2.1.1.tgz",
            "integrity": "sha512-eYm0QWBtUrBWZWG0d386OGAw16Z995PiOVo2B7bjWSbHedGl5e0ZWaq65kOGgUSNesEIDkB9ISbTg/JK9dhCZA==",
            "dev": true,
            "license": "MIT",
            "engines": {
                "node": ">=6"
            }
        },
        "node_modules/devalue": {
            "version": "5.6.1",
            "resolved": "https://registry.npmjs.org/devalue/-/devalue-5.6.1.tgz",
            "integrity": "sha512-jDwizj+IlEZBunHcOuuFVBnIMPAEHvTsJj0BcIp94xYguLRVBcXO853px/MyIJvbVzWdsGvrRweIUWJw8hBP7A==",
            "dev": true,
            "license": "MIT"
        },
        "node_modules/esm-env": {
            "version": "1.2.2",
            "resolved": "https://registry.npmjs.org/esm-env/-/esm-env-1.2.2.tgz",
            "integrity": "sha512-Epxrv+Nr/CaL4ZcFGPJIYLWFom+YeV1DqMLHJoEd9SYRxNbaFruBwfEX/kkHUJf55j2+TUbmDcmuilbP1TmXHA==",
            "dev": true,
            "license": "MIT"
        },
        "node_modules/esrap": {
            "version": "2.2.1",
            "resolved": "https://registry.npmjs.org/esrap/-/esrap-2.2.1.tgz",
            "integrity": "sha512-GiYWG34AN/4CUyaWAgunGt0Rxvr1PTMlGC0vvEov/uOQYWne2bpN03Um+k8jT+q3op33mKouP2zeJ6OlM+qeUg==",
            "dev": true,
            "license": "MIT",
            "dependencies": {
                "@jridgewell/sourcemap-codec": "^1.4.15"
            }
        },
        "node_modules/fdir": {
            "version": "6.5.0",
            "resolved": "https://registry.npmjs.org/fdir/-/fdir-6.5.0.tgz",
            "integrity": "sha512-tIbYtZbucOs0BRGqPJkshJUYdL+SDH7dVM8gjy+ERp3WAUjLEFJE+02kanyHtwjWOnwrKYBiwAmM0p4kLJAnXg==",
            "dev": true,
            "license": "MIT",
            "engines": {
                "node": ">=12.0.0"
            },
            "peerDependencies": {
                "picomatch": "^3 || ^4"
            },
            "peerDependenciesMeta": {
                "picomatch": {
                    "optional": true
                }
            }
        },
        "node_modules/is-reference": {
            "version": "3.0.3",
            "resolved": "https://registry.npmjs.org/is-reference/-/is-reference-3.0.3.tgz",
            "integrity": "sha512-ixkJoqQvAP88E6wLydLGGqCJsrFUnqoH6HnaczB8XmDH1oaWU+xxdptvikTgaEhtZ53Ky6YXiBuUI2WXLMCwjw==",
            "dev": true,
            "license": "MIT",
            "dependencies": {
                "@types/estree": "^1.0.6"
            }
        },
        "node_modules/locate-character": {
            "version": "3.0.0",
            "resolved": "https://registry.npmjs.org/locate-character/-/locate-character-3.0.0.tgz",
            "integrity": "sha512-SW13ws7BjaeJ6p7Q6CO2nchbYEc3X3J6WrmTTDto7yMPqVSZTUyY5Tjbid+Ab8gLnATtygYtiDIJGQRRn2ZOiA==",
            "dev": true,
            "license": "MIT"
        },
        "node_modules/magic-string": {
            "version": "0.30.21",
            "resolved": "https://registry.npmjs.org/magic-string/-/magic-string-0.30.21.tgz",
            "integrity": "sha512-vd2F4YUyEXKGcLHoq+TEyCjxueSeHnFxyyjNp80yg0XV4vUhnDer/lvvlqM/arB5bXQN5K2/3oinyCRyx8T2CQ==",
            "dev": true,
            "license": "MIT",
            "dependencies": {
                "@jridgewell/sourcemap-codec": "^1.5.5"
            }
        },
        "node_modules/mri": {
            "version": "1.2.0",
            "resolved": "https://registry.npmjs.org/mri/-/mri-1.2.0.tgz",
            "integrity": "sha512-tzzskb3bG8LvYGFF/mDTpq3jpI6Q9wc3LEmBaghu+DdCssd1FakN7Bc0hVNmEyGq1bq3RgfkCb3cmQLpNPOroA==",
            "dev": true,
            "license": "MIT",
            "engines": {
                "node": ">=4"
            }
        },
        "node_modules/picocolors": {
            "version": "1.1.1",
            "resolved": "https://registry.npmjs.org/picocolors/-/picocolors-1.1.1.tgz",
            "integrity": "sha512-xceH2snhtb5M9liqDsmEw56le376mTZkEX/jEb/RxNFyegNul7eNslCXP9FDj/Lcu0X8KEyMceP2ntpaHrDEVA==",
            "dev": true,
            "license": "ISC"
        },
        "node_modules/readdirp": {
            "version": "4.1.2",
            "resolved": "https://registry.npmjs.org/readdirp/-/readdirp-4.1.2.tgz",
            "integrity": "sha512-GDhwkLfywWL2s6vEjyhri+eXmfH6j1L7JE27WhqLeYzoh/A3DBaYGEj2H/HFZCn/kMfim73FXxEJTw06WtxQwg==",
            "dev": true,
            "license": "MIT",
            "engines": {
                "node": ">= 14.18.0"
            },
            "funding": {
                "type": "individual",
                "url": "https://paulmillr.com/funding/"
            }
        },
        "node_modules/sade": {
            "version": "1.8.1",
            "resolved": "https://registry.npmjs.org/sade/-/sade-1.8.1.tgz",
            "integrity": "sha512-xal3CZX1Xlo/k4ApwCFrHVACi9fBqJ7V+mwhBsuf/1IOKbBy098Fex+Wa/5QMubw09pSZ/u8EY8PWgevJsXp1A==",
            "dev": true,
            "license": "MIT",
            "dependencies": {
                "mri": "^1.1.0"
            },
            "engines": {
                "node": ">=6"
            }
        },
        "node_modules/svelte": {
            "version": "5.46.1",
            "resolved": "https://registry.npmjs.org/svelte/-/svelte-5.46.1.tgz",
            "integrity": "sha512-ynjfCHD3nP2el70kN5Pmg37sSi0EjOm9FgHYQdC4giWG/hzO3AatzXXJJgP305uIhGQxSufJLuYWtkY8uK/8RA==",
            "dev": true,
            "license": "MIT",
            "peer": true,
            "dependencies": {
                "@jridgewell/remapping": "^2.3.4",
                "@jridgewell/sourcemap-codec": "^1.5.0",
                "@sveltejs/acorn-typescript": "^1.0.5",
                "@types/estree": "^1.0.5",
                "acorn": "^8.12.1",
                "aria-query": "^5.3.1",
                "axobject-query": "^4.1.0",
                "clsx": "^2.1.1",
                "devalue": "^5.5.0",
                "esm-env": "^1.2.1",
                "esrap": "^2.2.1",
                "is-reference": "^3.0.3",
                "locate-character": "^3.0.0",
                "magic-string": "^0.30.11",
                "zimmerframe": "^1.1.2"
            },
            "engines": {
                "node": ">=18"
            }
        },
        "node_modules/svelte-check": {
            "version": "4.3.5",
            "resolved": "https://registry.npmjs.org/svelte-check/-/svelte-check-4.3.5.tgz",
            "integrity": "sha512-e4VWZETyXaKGhpkxOXP+B/d0Fp/zKViZoJmneZWe/05Y2aqSKj3YN2nLfYPJBQ87WEiY4BQCQ9hWGu9mPT1a1Q==",
            "dev": true,
            "license": "MIT",
            "dependencies": {
                "@jridgewell/trace-mapping": "^0.3.25",
                "chokidar": "^4.0.1",
                "fdir": "^6.2.0",
                "picocolors": "^1.0.0",
                "sade": "^1.7.4"
            },
            "bin": {
                "svelte-check": "bin/svelte-check"
            },
            "engines": {
                "node": ">= 18.0.0"
            },
            "peerDependencies": {
                "svelte": "^4.0.0 || ^5.0.0-next.0",
                "typescript": ">=5.0.0"
            }
        },
        "node_modules/typescript": {
            "version": "5.9.3",
            "resolved": "https://registry.npmjs.org/typescript/-/typescript-5.9.3.tgz",
            "integrity": "sha512-jl1vZzPDinLr9eUt3J/t7V6FgNEw9QjvBPdysz9KfQDD41fQrC2Y4vKQdiaUpFT4bXlb1RHhLpp8wtm6M5TgSw==",
            "dev": true,
            "license": "Apache-2.0",
            "peer": true,
            "bin": {
                "tsc": "bin/tsc",
                "tsserver": "bin/tsserver"
            },
            "engines": {
                "node": ">=14.17"
            }
        },
        "node_modules/zimmerframe": {
            "version": "1.1.4",
            "resolved": "https://registry.npmjs.org/zimmerframe/-/zimmerframe-1.1.4.tgz",
            "integrity": "sha512-B58NGBEoc8Y9MWWCQGl/gq9xBCe4IiKM0a2x7GZdQKOW5Exr8S1W24J6OgM1njK8xCRGvAJIL/MxXHf6SkmQKQ==",
            "dev": true,
            "license": "MIT"
        }
    }
}
